{
  "name": "lineup-prototype-03-spec",
  "lockfileVersion": 3,
  "requires": true,
  "packages": {
    "": {
      "name": "lineup-prototype-03-spec",
      "devDependencies": {
        "typescript": "^5.9.3",
        "xstate": "^5.32.5"
      }
    },
    "node_modules/typescript": {
      "version": "5.9.3",
      "resolved": "https://registry.npmjs.org/typescript/-/typescript-5.9.3.tgz",
      "integrity": "sha512-jl1vZzPDinLr9eUt3J/t7V6FgNEw9QjvBPdysz9KfQDD41fQrC2Y4vKQdiaUpFT4bXlb1RHhLpp8wtm6M5TgSw==",
      "dev": true,
      "license": "Apache-2.0",
      "bin": {
        "tsc": "bin/tsc",
        "tsserver": "bin/tsserver"
      },
      "engines": {
        "node": ">=14.17"
      }
    },
    "node_modules/xstate": {
      "version": "5.32.5",
      "resolved": "https://registry.npmjs.org/xstate/-/xstate-5.32.5.tgz",
      "integrity": "sha512-ULazi1oe6wGrXl0Frb6otSlkm5HLifbbVTkMk5kkSKqz4TkxJaVpnl6jOJwKeid3ORPxYyZQgNLUSYX9q65SIA==",
      "dev": true,
      "license": "MIT",
      "funding": {
        "type": "opencollective",
        "url": "https://opencollective.com/xstate"
      }
    }
  }
}
